
Microsoft Visual Studio Solution File, Format Version 11.00
# Visual C# Express 2010
Project("{FAE04EC0-301F-11D3-BF4B-00C04F79EFBC}") = "Reax", "Reax\Reax\Reax.csproj", "{BBD96906-BA6E-48F5-BEF0-EFFE41EAE7B4}"
EndProject
Project("{96E2B04D-8817-42C6-938A-82C39BA4D311}") = "ReaxContent", "Reax\ReaxContent\ReaxContent.contentproj", "{497AC417-071E-4DC2-949B-FCADE65A3840}"
EndProject
Global
	GlobalSection(SolutionConfigurationPlatforms) = preSolution
		Debug|x86 = Debug|x86
		Release|x86 = Release|x86
	EndGlobalSection
	GlobalSection(ProjectConfigurationPlatforms) = postSolution
		{BBD96906-BA6E-48F5-BEF0-EFFE41EAE7B4}.Debug|x86.ActiveCfg = Debug|x86
		{BBD96906-BA6E-48F5-BEF0-EFFE41EAE7B4}.Debug|x86.Build.0 = Debug|x86
		{BBD96906-BA6E-48F5-BEF0-EFFE41EAE7B4}.Release|x86.ActiveCfg = Release|x86
		{BBD96906-BA6E-48F5-BEF0-EFFE41EAE7B4}.Release|x86.Build.0 = Release|x86
		{497AC417-071E-4DC2-949B-FCADE65A3840}.Debug|x86.ActiveCfg = Debug|x86
		{497AC417-071E-4DC2-949B-FCADE65A3840}.Release|x86.ActiveCfg = Release|x86
	EndGlobalSection
	GlobalSection(SolutionProperties) = preSolution
		HideSolutionNode = FALSE
	EndGlobalSection
EndGlobal
